
Microsoft Visual Studio Solution File, Format Version 12.00
# Visual Studio Version 17
VisualStudioVersion = 17.7.34221.43
MinimumVisualStudioVersion = 10.0.40219.1
Project("{9A19103F-16F7-4668-BE54-9A1E7A4F7556}") = "Fiap.Web.Donation1", "Fiap.Web.Donation1.csproj", "{8EE2364F-B7FC-4304-8E45-00D5ED531980}"
EndProject
Project("{FAE04EC0-301F-11D3-BF4B-00C04F79EFBC}") = "Fiap.Web.Donation1Test", "..\Fiap.Web.Donation1Test\Fiap.Web.Donation1Test.csproj", "{640C84FF-9E3C-4C5D-99E6-A2F4BF4396C6}"
EndProject
Global
	GlobalSection(SolutionConfigurationPlatforms) = preSolution
		Debug|Any CPU = Debug|Any CPU
		Release|Any CPU = Release|Any CPU
	EndGlobalSection
	GlobalSection(ProjectConfigurationPlatforms) = postSolution
		{8EE2364F-B7FC-4304-8E45-00D5ED531980}.Debug|Any CPU.ActiveCfg = Debug|Any CPU
		{8EE2364F-B7FC-4304-8E45-00D5ED531980}.Debug|Any CPU.Build.0 = Debug|Any CPU
		{8EE2364F-B7FC-4304-8E45-00D5ED531980}.Release|Any CPU.ActiveCfg = Release|Any CPU
		{8EE2364F-B7FC-4304-8E45-00D5ED531980}.Release|Any CPU.Build.0 = Release|Any CPU
		{640C84FF-9E3C-4C5D-99E6-A2F4BF4396C6}.Debug|Any CPU.ActiveCfg = Debug|Any CPU
		{640C84FF-9E3C-4C5D-99E6-A2F4BF4396C6}.Debug|Any CPU.Build.0 = Debug|Any CPU
		{640C84FF-9E3C-4C5D-99E6-A2F4BF4396C6}.Release|Any CPU.ActiveCfg = Release|Any CPU
		{640C84FF-9E3C-4C5D-99E6-A2F4BF4396C6}.Release|Any CPU.Build.0 = Release|Any CPU
	EndGlobalSection
	GlobalSection(SolutionProperties) = preSolution
		HideSolutionNode = FALSE
	EndGlobalSection
	GlobalSection(ExtensibilityGlobals) = postSolution
		SolutionGuid = {2A211865-3B0B-4EC6-AB00-BCE148B45379}
	EndGlobalSection
EndGlobal
